
Microsoft Visual Studio Solution File, Format Version 12.00
# Visual Studio Version 17
VisualStudioVersion = 17.0.31919.166
MinimumVisualStudioVersion = 10.0.40219.1
Project("{FAE04EC0-301F-11D3-BF4B-00C04F79EFBC}") = "system_airplane", "system_airplane\system_airplane.csproj", "{7373F7FA-BF02-4B07-9518-A0C493021760}"
EndProject
Global
	GlobalSection(SolutionConfigurationPlatforms) = preSolution
		Debug|Any CPU = Debug|Any CPU
		Release|Any CPU = Release|Any CPU
	EndGlobalSection
	GlobalSection(ProjectConfigurationPlatforms) = postSolution
		{7373F7FA-BF02-4B07-9518-A0C493021760}.Debug|Any CPU.ActiveCfg = Debug|Any CPU
		{7373F7FA-BF02-4B07-9518-A0C493021760}.Debug|Any CPU.Build.0 = Debug|Any CPU
		{7373F7FA-BF02-4B07-9518-A0C493021760}.Release|Any CPU.ActiveCfg = Release|Any CPU
		{7373F7FA-BF02-4B07-9518-A0C493021760}.Release|Any CPU.Build.0 = Release|Any CPU
	EndGlobalSection
	GlobalSection(SolutionProperties) = preSolution
		HideSolutionNode = FALSE
	EndGlobalSection
	GlobalSection(ExtensibilityGlobals) = postSolution
		SolutionGuid = {E41A39D7-EB64-4860-8036-59203313CD5A}
	EndGlobalSection
EndGlobal
